
Microsoft Visual Studio Solution File, Format Version 12.00
# Visual Studio Version 17
VisualStudioVersion = 17.8.34525.116
MinimumVisualStudioVersion = 10.0.40219.1
Project("{FAE04EC0-301F-11D3-BF4B-00C04F79EFBC}") = "CadastroWebApi", "CadastroWebApi\CadastroWebApi.csproj", "{10BD6C92-5357-4FEA-8616-EA2B5A04EFD7}"
EndProject
Project("{FAE04EC0-301F-11D3-BF4B-00C04F79EFBC}") = "ServiceWebApi", "ServiceWebApi\ServiceWebApi.csproj", "{7DBE00BF-1D3C-4241-909C-78CFA6026C9F}"
EndProject
Project("{FAE04EC0-301F-11D3-BF4B-00C04F79EFBC}") = "RepositoryWebApi", "RepositoryWebApi\RepositoryWebApi.csproj", "{736A7A0E-2EEF-4255-9038-6027C6BF4735}"
EndProject
Project("{FAE04EC0-301F-11D3-BF4B-00C04F79EFBC}") = "DomainWebApi", "DomainWebApi\DomainWebApi.csproj", "{C93FD955-47C0-4777-84B2-CE49F5B5A33D}"
EndProject
Global
	GlobalSection(SolutionConfigurationPlatforms) = preSolution
		Debug|Any CPU = Debug|Any CPU
		Release|Any CPU = Release|Any CPU
	EndGlobalSection
	GlobalSection(ProjectConfigurationPlatforms) = postSolution
		{10BD6C92-5357-4FEA-8616-EA2B5A04EFD7}.Debug|Any CPU.ActiveCfg = Debug|Any CPU
		{10BD6C92-5357-4FEA-8616-EA2B5A04EFD7}.Debug|Any CPU.Build.0 = Debug|Any CPU
		{10BD6C92-5357-4FEA-8616-EA2B5A04EFD7}.Release|Any CPU.ActiveCfg = Release|Any CPU
		{10BD6C92-5357-4FEA-8616-EA2B5A04EFD7}.Release|Any CPU.Build.0 = Release|Any CPU
		{7DBE00BF-1D3C-4241-909C-78CFA6026C9F}.Debug|Any CPU.ActiveCfg = Debug|Any CPU
		{7DBE00BF-1D3C-4241-909C-78CFA6026C9F}.Debug|Any CPU.Build.0 = Debug|Any CPU
		{7DBE00BF-1D3C-4241-909C-78CFA6026C9F}.Release|Any CPU.ActiveCfg = Release|Any CPU
		{7DBE00BF-1D3C-4241-909C-78CFA6026C9F}.Release|Any CPU.Build.0 = Release|Any CPU
		{736A7A0E-2EEF-4255-9038-6027C6BF4735}.Debug|Any CPU.ActiveCfg = Debug|Any CPU
		{736A7A0E-2EEF-4255-9038-6027C6BF4735}.Debug|Any CPU.Build.0 = Debug|Any CPU
		{736A7A0E-2EEF-4255-9038-6027C6BF4735}.Release|Any CPU.ActiveCfg = Release|Any CPU
		{736A7A0E-2EEF-4255-9038-6027C6BF4735}.Release|Any CPU.Build.0 = Release|Any CPU
		{C93FD955-47C0-4777-84B2-CE49F5B5A33D}.Debug|Any CPU.ActiveCfg = Debug|Any CPU
		{C93FD955-47C0-4777-84B2-CE49F5B5A33D}.Debug|Any CPU.Build.0 = Debug|Any CPU
		{C93FD955-47C0-4777-84B2-CE49F5B5A33D}.Release|Any CPU.ActiveCfg = Release|Any CPU
		{C93FD955-47C0-4777-84B2-CE49F5B5A33D}.Release|Any CPU.Build.0 = Release|Any CPU
	EndGlobalSection
	GlobalSection(SolutionProperties) = preSolution
		HideSolutionNode = FALSE
	EndGlobalSection
	GlobalSection(ExtensibilityGlobals) = postSolution
		SolutionGuid = {70B9BF92-E7CD-40A6-A8B9-59EC79D144DC}
	EndGlobalSection
EndGlobal
